
Microsoft Visual Studio Solution File, Format Version 12.00
# Visual Studio 15
VisualStudioVersion = 15.0.28010.2003
MinimumVisualStudioVersion = 10.0.40219.1
Project("{FAE04EC0-301F-11D3-BF4B-00C04F79EFBC}") = "IdentityAuthorization_2_0", "IdentityAuthorization_2_0\IdentityAuthorization_2_0.csproj", "{1B08AD33-4FD6-4D9E-BD71-1A1684540D4F}"
EndProject
Global
	GlobalSection(SolutionConfigurationPlatforms) = preSolution
		Debug|Any CPU = Debug|Any CPU
		Release|Any CPU = Release|Any CPU
	EndGlobalSection
	GlobalSection(ProjectConfigurationPlatforms) = postSolution
		{1B08AD33-4FD6-4D9E-BD71-1A1684540D4F}.Debug|Any CPU.ActiveCfg = Debug|Any CPU
		{1B08AD33-4FD6-4D9E-BD71-1A1684540D4F}.Debug|Any CPU.Build.0 = Debug|Any CPU
		{1B08AD33-4FD6-4D9E-BD71-1A1684540D4F}.Release|Any CPU.ActiveCfg = Release|Any CPU
		{1B08AD33-4FD6-4D9E-BD71-1A1684540D4F}.Release|Any CPU.Build.0 = Release|Any CPU
	EndGlobalSection
	GlobalSection(SolutionProperties) = preSolution
		HideSolutionNode = FALSE
	EndGlobalSection
	GlobalSection(ExtensibilityGlobals) = postSolution
		SolutionGuid = {334A5445-87C8-472D-AABE-089CED562D81}
	EndGlobalSection
EndGlobal
